
Microsoft Visual Studio Solution File, Format Version 12.00
# Visual Studio 15
VisualStudioVersion = 15.0.27130.2027
MinimumVisualStudioVersion = 10.0.40219.1
Project("{FAE04EC0-301F-11D3-BF4B-00C04F79EFBC}") = "App2.Android", "App2\App2.Android\App2.Android.csproj", "{FCCFD76A-C498-4A22-A68D-0B81369C9B75}"
EndProject
Project("{FAE04EC0-301F-11D3-BF4B-00C04F79EFBC}") = "App2", "App2\App2\App2.csproj", "{FEFB3A58-3615-4203-87A7-FF526379E9F5}"
EndProject
Global
	GlobalSection(SolutionConfigurationPlatforms) = preSolution
		Debug|Any CPU = Debug|Any CPU
		Release|Any CPU = Release|Any CPU
	EndGlobalSection
	GlobalSection(ProjectConfigurationPlatforms) = postSolution
		{FCCFD76A-C498-4A22-A68D-0B81369C9B75}.Debug|Any CPU.ActiveCfg = Debug|Any CPU
		{FCCFD76A-C498-4A22-A68D-0B81369C9B75}.Debug|Any CPU.Build.0 = Debug|Any CPU
		{FCCFD76A-C498-4A22-A68D-0B81369C9B75}.Debug|Any CPU.Deploy.0 = Debug|Any CPU
		{FCCFD76A-C498-4A22-A68D-0B81369C9B75}.Release|Any CPU.ActiveCfg = Release|Any CPU
		{FCCFD76A-C498-4A22-A68D-0B81369C9B75}.Release|Any CPU.Build.0 = Release|Any CPU
		{FCCFD76A-C498-4A22-A68D-0B81369C9B75}.Release|Any CPU.Deploy.0 = Release|Any CPU
		{FEFB3A58-3615-4203-87A7-FF526379E9F5}.Debug|Any CPU.ActiveCfg = Debug|Any CPU
		{FEFB3A58-3615-4203-87A7-FF526379E9F5}.Debug|Any CPU.Build.0 = Debug|Any CPU
		{FEFB3A58-3615-4203-87A7-FF526379E9F5}.Release|Any CPU.ActiveCfg = Release|Any CPU
		{FEFB3A58-3615-4203-87A7-FF526379E9F5}.Release|Any CPU.Build.0 = Release|Any CPU
	EndGlobalSection
	GlobalSection(SolutionProperties) = preSolution
		HideSolutionNode = FALSE
	EndGlobalSection
	GlobalSection(ExtensibilityGlobals) = postSolution
		SolutionGuid = {0935C325-203C-4577-82A9-72731BC33EB5}
	EndGlobalSection
EndGlobal
